
Microsoft Visual Studio Solution File, Format Version 12.00
# Visual Studio Version 17
VisualStudioVersion = 17.0.31903.59
MinimumVisualStudioVersion = 10.0.40219.1
Project("{2150E333-8FDC-42A3-9474-1A3956D46DE8}") = "src", "src", "{827E0CD3-B72D-47B6-A68D-7590B98EB39B}"
EndProject
Project("{FAE04EC0-301F-11D3-BF4B-00C04F79EFBC}") = "GitHubActivityReporter.Bootstrap", "src\GitHubActivityReporter.Bootstrap\GitHubActivityReporter.Bootstrap.csproj", "{B48D273F-6051-4EA7-B94F-5C75C5780EC4}"
EndProject
Project("{FAE04EC0-301F-11D3-BF4B-00C04F79EFBC}") = "GitHubActivityReporter.Core", "src\GitHubActivityReporter.Core\GitHubActivityReporter.Core.csproj", "{C91D3F2B-E978-41FE-8298-564A52CB3911}"
EndProject
Project("{FAE04EC0-301F-11D3-BF4B-00C04F79EFBC}") = "GitHubActivityReporter.Cli", "src\GitHubActivityReporter.Cli\GitHubActivityReporter.Cli.csproj", "{823A992D-FA03-4BB3-8C33-A7CE3EB1E428}"
EndProject
Project("{FAE04EC0-301F-11D3-BF4B-00C04F79EFBC}") = "GitHubActivityReporter.GitHub", "src\GitHubActivityReporter.GitHub\GitHubActivityReporter.GitHub.csproj", "{B148031E-5943-434D-A7CA-673C07CDD1FC}"
EndProject
Project("{FAE04EC0-301F-11D3-BF4B-00C04F79EFBC}") = "GitHubActivityReporter.Publishing", "src\GitHubActivityReporter.Publishing\GitHubActivityReporter.Publishing.csproj", "{29AE1A78-D206-412F-A598-76BCC81CAE12}"
EndProject
Project("{FAE04EC0-301F-11D3-BF4B-00C04F79EFBC}") = "GitHubActivityReporter.Rendering", "src\GitHubActivityReporter.Rendering\GitHubActivityReporter.Rendering.csproj", "{8FAD2A19-C3F2-4CAD-96B0-5B5613BD19B4}"
EndProject
Project("{FAE04EC0-301F-11D3-BF4B-00C04F79EFBC}") = "GitHubActivityReporter.Summarization", "src\GitHubActivityReporter.Summarization\GitHubActivityReporter.Summarization.csproj", "{219C727C-1816-47CB-9368-831E25F457F3}"
EndProject
Project("{2150E333-8FDC-42A3-9474-1A3956D46DE8}") = "tests", "tests", "{0AB3BF05-4346-4AA6-1389-037BE0695223}"
EndProject
Project("{FAE04EC0-301F-11D3-BF4B-00C04F79EFBC}") = "GitHubActivityReporter.Core.Tests", "tests\GitHubActivityReporter.Core.Tests\GitHubActivityReporter.Core.Tests.csproj", "{364AFD2D-6A2B-4A61-BB36-2FCA9118CDE1}"
EndProject
Project("{FAE04EC0-301F-11D3-BF4B-00C04F79EFBC}") = "GitHubActivityReporter.GitHub.Tests", "tests\GitHubActivityReporter.GitHub.Tests\GitHubActivityReporter.GitHub.Tests.csproj", "{7D6EDB04-7303-4781-B0FD-7F0669653D6A}"
EndProject
Project("{FAE04EC0-301F-11D3-BF4B-00C04F79EFBC}") = "GitHubActivityReporter.Publishing.Tests", "tests\GitHubActivityReporter.Publishing.Tests\GitHubActivityReporter.Publishing.Tests.csproj", "{1C9352C6-E41F-41CC-8328-560DCA3C75C3}"
EndProject
Project("{FAE04EC0-301F-11D3-BF4B-00C04F79EFBC}") = "GitHubActivityReporter.Rendering.Tests", "tests\GitHubActivityReporter.Rendering.Tests\GitHubActivityReporter.Rendering.Tests.csproj", "{276487ED-24A7-43E1-9CF6-446B6B2B3575}"
EndProject
Project("{FAE04EC0-301F-11D3-BF4B-00C04F79EFBC}") = "GitHubActivityReporter.Security.Tests", "tests\GitHubActivityReporter.Security.Tests\GitHubActivityReporter.Security.Tests.csproj", "{4A1AFD54-00FB-4D90-B040-D1676C670DD2}"
EndProject
Global
	GlobalSection(SolutionConfigurationPlatforms) = preSolution
		Debug|Any CPU = Debug|Any CPU
		Debug|x64 = Debug|x64
		Debug|x86 = Debug|x86
		Release|Any CPU = Release|Any CPU
		Release|x64 = Release|x64
		Release|x86 = Release|x86
	EndGlobalSection
	GlobalSection(ProjectConfigurationPlatforms) = postSolution
		{B48D273F-6051-4EA7-B94F-5C75C5780EC4}.Debug|Any CPU.ActiveCfg = Debug|Any CPU
		{B48D273F-6051-4EA7-B94F-5C75C5780EC4}.Debug|Any CPU.Build.0 = Debug|Any CPU
		{B48D273F-6051-4EA7-B94F-5C75C5780EC4}.Debug|x64.ActiveCfg = Debug|Any CPU
		{B48D273F-6051-4EA7-B94F-5C75C5780EC4}.Debug|x64.Build.0 = Debug|Any CPU
		{B48D273F-6051-4EA7-B94F-5C75C5780EC4}.Debug|x86.ActiveCfg = Debug|Any CPU
		{B48D273F-6051-4EA7-B94F-5C75C5780EC4}.Debug|x86.Build.0 = Debug|Any CPU
		{B48D273F-6051-4EA7-B94F-5C75C5780EC4}.Release|Any CPU.ActiveCfg = Release|Any CPU
		{B48D273F-6051-4EA7-B94F-5C75C5780EC4}.Release|Any CPU.Build.0 = Release|Any CPU
		{B48D273F-6051-4EA7-B94F-5C75C5780EC4}.Release|x64.ActiveCfg = Release|Any CPU
		{B48D273F-6051-4EA7-B94F-5C75C5780EC4}.Release|x64.Build.0 = Release|Any CPU
		{B48D273F-6051-4EA7-B94F-5C75C5780EC4}.Release|x86.ActiveCfg = Release|Any CPU
		{B48D273F-6051-4EA7-B94F-5C75C5780EC4}.Release|x86.Build.0 = Release|Any CPU
		{C91D3F2B-E978-41FE-8298-564A52CB3911}.Debug|Any CPU.ActiveCfg = Debug|Any CPU
		{C91D3F2B-E978-41FE-8298-564A52CB3911}.Debug|Any CPU.Build.0 = Debug|Any CPU
		{C91D3F2B-E978-41FE-8298-564A52CB3911}.Debug|x64.ActiveCfg = Debug|Any CPU
		{C91D3F2B-E978-41FE-8298-564A52CB3911}.Debug|x64.Build.0 = Debug|Any CPU
		{C91D3F2B-E978-41FE-8298-564A52CB3911}.Debug|x86.ActiveCfg = Debug|Any CPU
		{C91D3F2B-E978-41FE-8298-564A52CB3911}.Debug|x86.Build.0 = Debug|Any CPU
		{C91D3F2B-E978-41FE-8298-564A52CB3911}.Release|Any CPU.ActiveCfg = Release|Any CPU
		{C91D3F2B-E978-41FE-8298-564A52CB3911}.Release|Any CPU.Build.0 = Release|Any CPU
		{C91D3F2B-E978-41FE-8298-564A52CB3911}.Release|x64.ActiveCfg = Release|Any CPU
		{C91D3F2B-E978-41FE-8298-564A52CB3911}.Release|x64.Build.0 = Release|Any CPU
		{C91D3F2B-E978-41FE-8298-564A52CB3911}.Release|x86.ActiveCfg = Release|Any CPU
		{C91D3F2B-E978-41FE-8298-564A52CB3911}.Release|x86.Build.0 = Release|Any CPU
		{823A992D-FA03-4BB3-8C33-A7CE3EB1E428}.Debug|Any CPU.ActiveCfg = Debug|Any CPU
		{823A992D-FA03-4BB3-8C33-A7CE3EB1E428}.Debug|Any CPU.Build.0 = Debug|Any CPU
		{823A992D-FA03-4BB3-8C33-A7CE3EB1E428}.Debug|x64.ActiveCfg = Debug|Any CPU
		{823A992D-FA03-4BB3-8C33-A7CE3EB1E428}.Debug|x64.Build.0 = Debug|Any CPU
		{823A992D-FA03-4BB3-8C33-A7CE3EB1E428}.Debug|x86.ActiveCfg = Debug|Any CPU
		{823A992D-FA03-4BB3-8C33-A7CE3EB1E428}.Debug|x86.Build.0 = Debug|Any CPU
		{823A992D-FA03-4BB3-8C33-A7CE3EB1E428}.Release|Any CPU.ActiveCfg = Release|Any CPU
		{823A992D-FA03-4BB3-8C33-A7CE3EB1E428}.Release|Any CPU.Build.0 = Release|Any CPU
		{823A992D-FA03-4BB3-8C33-A7CE3EB1E428}.Release|x64.ActiveCfg = Release|Any CPU
		{823A992D-FA03-4BB3-8C33-A7CE3EB1E428}.Release|x64.Build.0 = Release|Any CPU
		{823A992D-FA03-4BB3-8C33-A7CE3EB1E428}.Release|x86.ActiveCfg = Release|Any CPU
		{823A992D-FA03-4BB3-8C33-A7CE3EB1E428}.Release|x86.Build.0 = Release|Any CPU
		{B148031E-5943-434D-A7CA-673C07CDD1FC}.Debug|Any CPU.ActiveCfg = Debug|Any CPU
		{B148031E-5943-434D-A7CA-673C07CDD1FC}.Debug|Any CPU.Build.0 = Debug|Any CPU
		{B148031E-5943-434D-A7CA-673C07CDD1FC}.Debug|x64.ActiveCfg = Debug|Any CPU
		{B148031E-5943-434D-A7CA-673C07CDD1FC}.Debug|x64.Build.0 = Debug|Any CPU
		{B148031E-5943-434D-A7CA-673C07CDD1FC}.Debug|x86.ActiveCfg = Debug|Any CPU
		{B148031E-5943-434D-A7CA-673C07CDD1FC}.Debug|x86.Build.0 = Debug|Any CPU
		{B148031E-5943-434D-A7CA-673C07CDD1FC}.Release|Any CPU.ActiveCfg = Release|Any CPU
		{B148031E-5943-434D-A7CA-673C07CDD1FC}.Release|Any CPU.Build.0 = Release|Any CPU
		{B148031E-5943-434D-A7CA-673C07CDD1FC}.Release|x64.ActiveCfg = Release|Any CPU
		{B148031E-5943-434D-A7CA-673C07CDD1FC}.Release|x64.Build.0 = Release|Any CPU
		{B148031E-5943-434D-A7CA-673C07CDD1FC}.Release|x86.ActiveCfg = Release|Any CPU
		{B148031E-5943-434D-A7CA-673C07CDD1FC}.Release|x86.Build.0 = Release|Any CPU
		{29AE1A78-D206-412F-A598-76BCC81CAE12}.Debug|Any CPU.ActiveCfg = Debug|Any CPU
		{29AE1A78-D206-412F-A598-76BCC81CAE12}.Debug|Any CPU.Build.0 = Debug|Any CPU
		{29AE1A78-D206-412F-A598-76BCC81CAE12}.Debug|x64.ActiveCfg = Debug|Any CPU
		{29AE1A78-D206-412F-A598-76BCC81CAE12}.Debug|x64.Build.0 = Debug|Any CPU
		{29AE1A78-D206-412F-A598-76BCC81CAE12}.Debug|x86.ActiveCfg = Debug|Any CPU
		{29AE1A78-D206-412F-A598-76BCC81CAE12}.Debug|x86.Build.0 = Debug|Any CPU
		{29AE1A78-D206-412F-A598-76BCC81CAE12}.Release|Any CPU.ActiveCfg = Release|Any CPU
		{29AE1A78-D206-412F-A598-76BCC81CAE12}.Release|Any CPU.Build.0 = Release|Any CPU
		{29AE1A78-D206-412F-A598-76BCC81CAE12}.Release|x64.ActiveCfg = Release|Any CPU
		{29AE1A78-D206-412F-A598-76BCC81CAE12}.Release|x64.Build.0 = Release|Any CPU
		{29AE1A78-D206-412F-A598-76BCC81CAE12}.Release|x86.ActiveCfg = Release|Any CPU
		{29AE1A78-D206-412F-A598-76BCC81CAE12}.Release|x86.Build.0 = Release|Any CPU
		{8FAD2A19-C3F2-4CAD-96B0-5B5613BD19B4}.Debug|Any CPU.ActiveCfg = Debug|Any CPU
		{8FAD2A19-C3F2-4CAD-96B0-5B5613BD19B4}.Debug|Any CPU.Build.0 = Debug|Any CPU
		{8FAD2A19-C3F2-4CAD-96B0-5B5613BD19B4}.Debug|x64.ActiveCfg = Debug|Any CPU
		{8FAD2A19-C3F2-4CAD-96B0-5B5613BD19B4}.Debug|x64.Build.0 = Debug|Any CPU
		{8FAD2A19-C3F2-4CAD-96B0-5B5613BD19B4}.Debug|x86.ActiveCfg = Debug|Any CPU
		{8FAD2A19-C3F2-4CAD-96B0-5B5613BD19B4}.Debug|x86.Build.0 = Debug|Any CPU
		{8FAD2A19-C3F2-4CAD-96B0-5B5613BD19B4}.Release|Any CPU.ActiveCfg = Release|Any CPU
		{8FAD2A19-C3F2-4CAD-96B0-5B5613BD19B4}.Release|Any CPU.Build.0 = Release|Any CPU
		{8FAD2A19-C3F2-4CAD-96B0-5B5613BD19B4}.Release|x64.ActiveCfg = Release|Any CPU
		{8FAD2A19-C3F2-4CAD-96B0-5B5613BD19B4}.Release|x64.Build.0 = Release|Any CPU
		{8FAD2A19-C3F2-4CAD-96B0-5B5613BD19B4}.Release|x86.ActiveCfg = Release|Any CPU
		{8FAD2A19-C3F2-4CAD-96B0-5B5613BD19B4}.Release|x86.Build.0 = Release|Any CPU
		{219C727C-1816-47CB-9368-831E25F457F3}.Debug|Any CPU.ActiveCfg = Debug|Any CPU
		{219C727C-1816-47CB-9368-831E25F457F3}.Debug|Any CPU.Build.0 = Debug|Any CPU
		{219C727C-1816-47CB-9368-831E25F457F3}.Debug|x64.ActiveCfg = Debug|Any CPU
		{219C727C-1816-47CB-9368-831E25F457F3}.Debug|x64.Build.0 = Debug|Any CPU
		{219C727C-1816-47CB-9368-831E25F457F3}.Debug|x86.ActiveCfg = Debug|Any CPU
		{219C727C-1816-47CB-9368-831E25F457F3}.Debug|x86.Build.0 = Debug|Any CPU
		{219C727C-1816-47CB-9368-831E25F457F3}.Release|Any CPU.ActiveCfg = Release|Any CPU
		{219C727C-1816-47CB-9368-831E25F457F3}.Release|Any CPU.Build.0 = Release|Any CPU
		{219C727C-1816-47CB-9368-831E25F457F3}.Release|x64.ActiveCfg = Release|Any CPU
		{219C727C-1816-47CB-9368-831E25F457F3}.Release|x64.Build.0 = Release|Any CPU
		{219C727C-1816-47CB-9368-831E25F457F3}.Release|x86.ActiveCfg = Release|Any CPU
		{219C727C-1816-47CB-9368-831E25F457F3}.Release|x86.Build.0 = Release|Any CPU
		{364AFD2D-6A2B-4A61-BB36-2FCA9118CDE1}.Debug|Any CPU.ActiveCfg = Debug|Any CPU
		{364AFD2D-6A2B-4A61-BB36-2FCA9118CDE1}.Debug|Any CPU.Build.0 = Debug|Any CPU
		{364AFD2D-6A2B-4A61-BB36-2FCA9118CDE1}.Debug|x64.ActiveCfg = Debug|Any CPU
		{364AFD2D-6A2B-4A61-BB36-2FCA9118CDE1}.Debug|x64.Build.0 = Debug|Any CPU
		{364AFD2D-6A2B-4A61-BB36-2FCA9118CDE1}.Debug|x86.ActiveCfg = Debug|Any CPU
		{364AFD2D-6A2B-4A61-BB36-2FCA9118CDE1}.Debug|x86.Build.0 = Debug|Any CPU
		{364AFD2D-6A2B-4A61-BB36-2FCA9118CDE1}.Release|Any CPU.ActiveCfg = Release|Any CPU
		{364AFD2D-6A2B-4A61-BB36-2FCA9118CDE1}.Release|Any CPU.Build.0 = Release|Any CPU
		{364AFD2D-6A2B-4A61-BB36-2FCA9118CDE1}.Release|x64.ActiveCfg = Release|Any CPU
		{364AFD2D-6A2B-4A61-BB36-2FCA9118CDE1}.Release|x64.Build.0 = Release|Any CPU
		{364AFD2D-6A2B-4A61-BB36-2FCA9118CDE1}.Release|x86.ActiveCfg = Release|Any CPU
		{364AFD2D-6A2B-4A61-BB36-2FCA9118CDE1}.Release|x86.Build.0 = Release|Any CPU
		{7D6EDB04-7303-4781-B0FD-7F0669653D6A}.Debug|Any CPU.ActiveCfg = Debug|Any CPU
		{7D6EDB04-7303-4781-B0FD-7F0669653D6A}.Debug|Any CPU.Build.0 = Debug|Any CPU
		{7D6EDB04-7303-4781-B0FD-7F0669653D6A}.Debug|x64.ActiveCfg = Debug|Any CPU
		{7D6EDB04-7303-4781-B0FD-7F0669653D6A}.Debug|x64.Build.0 = Debug|Any CPU
		{7D6EDB04-7303-4781-B0FD-7F0669653D6A}.Debug|x86.ActiveCfg = Debug|Any CPU
		{7D6EDB04-7303-4781-B0FD-7F0669653D6A}.Debug|x86.Build.0 = Debug|Any CPU
		{7D6EDB04-7303-4781-B0FD-7F0669653D6A}.Release|Any CPU.ActiveCfg = Release|Any CPU
		{7D6EDB04-7303-4781-B0FD-7F0669653D6A}.Release|Any CPU.Build.0 = Release|Any CPU
		{7D6EDB04-7303-4781-B0FD-7F0669653D6A}.Release|x64.ActiveCfg = Release|Any CPU
		{7D6EDB04-7303-4781-B0FD-7F0669653D6A}.Release|x64.Build.0 = Release|Any CPU
		{7D6EDB04-7303-4781-B0FD-7F0669653D6A}.Release|x86.ActiveCfg = Release|Any CPU
		{7D6EDB04-7303-4781-B0FD-7F0669653D6A}.Release|x86.Build.0 = Release|Any CPU
		{1C9352C6-E41F-41CC-8328-560DCA3C75C3}.Debug|Any CPU.ActiveCfg = Debug|Any CPU
		{1C9352C6-E41F-41CC-8328-560DCA3C75C3}.Debug|Any CPU.Build.0 = Debug|Any CPU
		{1C9352C6-E41F-41CC-8328-560DCA3C75C3}.Debug|x64.ActiveCfg = Debug|Any CPU
		{1C9352C6-E41F-41CC-8328-560DCA3C75C3}.Debug|x64.Build.0 = Debug|Any CPU
		{1C9352C6-E41F-41CC-8328-560DCA3C75C3}.Debug|x86.ActiveCfg = Debug|Any CPU
		{1C9352C6-E41F-41CC-8328-560DCA3C75C3}.Debug|x86.Build.0 = Debug|Any CPU
		{1C9352C6-E41F-41CC-8328-560DCA3C75C3}.Release|Any CPU.ActiveCfg = Release|Any CPU
		{1C9352C6-E41F-41CC-8328-560DCA3C75C3}.Release|Any CPU.Build.0 = Release|Any CPU
		{1C9352C6-E41F-41CC-8328-560DCA3C75C3}.Release|x64.ActiveCfg = Release|Any CPU
		{1C9352C6-E41F-41CC-8328-560DCA3C75C3}.Release|x64.Build.0 = Release|Any CPU
		{1C9352C6-E41F-41CC-8328-560DCA3C75C3}.Release|x86.ActiveCfg = Release|Any CPU
		{1C9352C6-E41F-41CC-8328-560DCA3C75C3}.Release|x86.Build.0 = Release|Any CPU
		{276487ED-24A7-43E1-9CF6-446B6B2B3575}.Debug|Any CPU.ActiveCfg = Debug|Any CPU
		{276487ED-24A7-43E1-9CF6-446B6B2B3575}.Debug|Any CPU.Build.0 = Debug|Any CPU
		{276487ED-24A7-43E1-9CF6-446B6B2B3575}.Debug|x64.ActiveCfg = Debug|Any CPU
		{276487ED-24A7-43E1-9CF6-446B6B2B3575}.Debug|x64.Build.0 = Debug|Any CPU
		{276487ED-24A7-43E1-9CF6-446B6B2B3575}.Debug|x86.ActiveCfg = Debug|Any CPU
		{276487ED-24A7-43E1-9CF6-446B6B2B3575}.Debug|x86.Build.0 = Debug|Any CPU
		{276487ED-24A7-43E1-9CF6-446B6B2B3575}.Release|Any CPU.ActiveCfg = Release|Any CPU
		{276487ED-24A7-43E1-9CF6-446B6B2B3575}.Release|Any CPU.Build.0 = Release|Any CPU
		{276487ED-24A7-43E1-9CF6-446B6B2B3575}.Release|x64.ActiveCfg = Release|Any CPU
		{276487ED-24A7-43E1-9CF6-446B6B2B3575}.Release|x64.Build.0 = Release|Any CPU
		{276487ED-24A7-43E1-9CF6-446B6B2B3575}.Release|x86.ActiveCfg = Release|Any CPU
		{276487ED-24A7-43E1-9CF6-446B6B2B3575}.Release|x86.Build.0 = Release|Any CPU
		{4A1AFD54-00FB-4D90-B040-D1676C670DD2}.Debug|Any CPU.ActiveCfg = Debug|Any CPU
		{4A1AFD54-00FB-4D90-B040-D1676C670DD2}.Debug|Any CPU.Build.0 = Debug|Any CPU
		{4A1AFD54-00FB-4D90-B040-D1676C670DD2}.Debug|x64.ActiveCfg = Debug|Any CPU
		{4A1AFD54-00FB-4D90-B040-D1676C670DD2}.Debug|x64.Build.0 = Debug|Any CPU
		{4A1AFD54-00FB-4D90-B040-D1676C670DD2}.Debug|x86.ActiveCfg = Debug|Any CPU
		{4A1AFD54-00FB-4D90-B040-D1676C670DD2}.Debug|x86.Build.0 = Debug|Any CPU
		{4A1AFD54-00FB-4D90-B040-D1676C670DD2}.Release|Any CPU.ActiveCfg = Release|Any CPU
		{4A1AFD54-00FB-4D90-B040-D1676C670DD2}.Release|Any CPU.Build.0 = Release|Any CPU
		{4A1AFD54-00FB-4D90-B040-D1676C670DD2}.Release|x64.ActiveCfg = Release|Any CPU
		{4A1AFD54-00FB-4D90-B040-D1676C670DD2}.Release|x64.Build.0 = Release|Any CPU
		{4A1AFD54-00FB-4D90-B040-D1676C670DD2}.Release|x86.ActiveCfg = Release|Any CPU
		{4A1AFD54-00FB-4D90-B040-D1676C670DD2}.Release|x86.Build.0 = Release|Any CPU
	EndGlobalSection
	GlobalSection(SolutionProperties) = preSolution
		HideSolutionNode = FALSE
	EndGlobalSection
	GlobalSection(NestedProjects) = preSolution
		{B48D273F-6051-4EA7-B94F-5C75C5780EC4} = {827E0CD3-B72D-47B6-A68D-7590B98EB39B}
		{C91D3F2B-E978-41FE-8298-564A52CB3911} = {827E0CD3-B72D-47B6-A68D-7590B98EB39B}
		{823A992D-FA03-4BB3-8C33-A7CE3EB1E428} = {827E0CD3-B72D-47B6-A68D-7590B98EB39B}
		{B148031E-5943-434D-A7CA-673C07CDD1FC} = {827E0CD3-B72D-47B6-A68D-7590B98EB39B}
		{29AE1A78-D206-412F-A598-76BCC81CAE12} = {827E0CD3-B72D-47B6-A68D-7590B98EB39B}
		{8FAD2A19-C3F2-4CAD-96B0-5B5613BD19B4} = {827E0CD3-B72D-47B6-A68D-7590B98EB39B}
		{219C727C-1816-47CB-9368-831E25F457F3} = {827E0CD3-B72D-47B6-A68D-7590B98EB39B}
		{364AFD2D-6A2B-4A61-BB36-2FCA9118CDE1} = {0AB3BF05-4346-4AA6-1389-037BE0695223}
		{7D6EDB04-7303-4781-B0FD-7F0669653D6A} = {0AB3BF05-4346-4AA6-1389-037BE0695223}
		{1C9352C6-E41F-41CC-8328-560DCA3C75C3} = {0AB3BF05-4346-4AA6-1389-037BE0695223}
		{276487ED-24A7-43E1-9CF6-446B6B2B3575} = {0AB3BF05-4346-4AA6-1389-037BE0695223}
		{4A1AFD54-00FB-4D90-B040-D1676C670DD2} = {0AB3BF05-4346-4AA6-1389-037BE0695223}
	EndGlobalSection
EndGlobal
